github.com/facette/natsort v0.0.0-20181210072756-2cd4dd1e2dcb h1:IT4JYU7k4ikYg1SCxNI1/Tieq/NFvh6dzLdgi7eu0tM=
github.com/facette/natsort v0.0.0-20181210072756-2cd4dd1e2dcb/go.mod h1:bH6Xx7IW64qjjJq8M2u4dxNaBiDfKK+z/3eGDpXEQhc=
github.com/maruel/natural v1.0.0 h1:C1GqgYygkdnwD1H1psoEVsPazXyUqRooEvX/XyWFFDg=
github.com/maruel/natural v1.0.0/go.mod h1:eFVhYCcUOfZFxXoDZam8Ktya72wa79fNC3lc/leA0DQ=
